// !$*UTF8*$!
{
	archiveVersion = 1;
	classes = {
	};
	objectVersion = 50;
	objects = {

/* Begin PBXBuildFile section */
		74415A012221B86A00AA3D67 /* Weather.swift in Sources */ = {isa = PBXBuildFile; fileRef = 74415A002221B86A00AA3D67 /* Weather.swift */; };
		74415A032221B8E000AA3D67 /* TodayWeather.swift in Sources */ = {isa = PBXBuildFile; fileRef = 74415A022221B8E000AA3D67 /* TodayWeather.swift */; };
		CE20385A222164A200ED9BA7 /* AppDelegate.swift in Sources */ = {isa = PBXBuildFile; fileRef = CE203859222164A200ED9BA7 /* AppDelegate.swift */; };
		CE20385F222164A200ED9BA7 /* Home.storyboard in Resources */ = {isa = PBXBuildFile; fileRef = CE20385D222164A200ED9BA7 /* Home.storyboard */; };
		CE203861222164A400ED9BA7 /* Assets.xcassets in Resources */ = {isa = PBXBuildFile; fileRef = CE203860222164A400ED9BA7 /* Assets.xcassets */; };
		CE203864222164A400ED9BA7 /* LaunchScreen.storyboard in Resources */ = {isa = PBXBuildFile; fileRef = CE203862222164A400ED9BA7 /* LaunchScreen.storyboard */; };
		CE20386F222164A400ED9BA7 /* RealWeatherTests.swift in Sources */ = {isa = PBXBuildFile; fileRef = CE20386E222164A400ED9BA7 /* RealWeatherTests.swift */; };
		CE20387A222164A500ED9BA7 /* RealWeatherUITests.swift in Sources */ = {isa = PBXBuildFile; fileRef = CE203879222164A500ED9BA7 /* RealWeatherUITests.swift */; };
		CE20388A22216D9A00ED9BA7 /* HomeViewController.swift in Sources */ = {isa = PBXBuildFile; fileRef = CE20388922216D9A00ED9BA7 /* HomeViewController.swift */; };
		CE20389322216FB300ED9BA7 /* Main.storyboard in Resources */ = {isa = PBXBuildFile; fileRef = CE20389222216FB300ED9BA7 /* Main.storyboard */; };
		CE31EB2D224E4D3B005CA188 /* HomeComment.storyboard in Resources */ = {isa = PBXBuildFile; fileRef = CE31EB2C224E4D3B005CA188 /* HomeComment.storyboard */; };
		CE31EB31224E4D6F005CA188 /* Settings.storyboard in Resources */ = {isa = PBXBuildFile; fileRef = CE31EB30224E4D6F005CA188 /* Settings.storyboard */; };
		CE31EB35224E7B4D005CA188 /* HomeWeatherCardCollectionCell.xib in Resources */ = {isa = PBXBuildFile; fileRef = CE31EB34224E7B4D005CA188 /* HomeWeatherCardCollectionCell.xib */; };
		CE31EB39224E7B8B005CA188 /* HomeBestCommentCollectionCell.xib in Resources */ = {isa = PBXBuildFile; fileRef = CE31EB38224E7B8B005CA188 /* HomeBestCommentCollectionCell.xib */; };
		CE31EB3B224E7B9A005CA188 /* HomeBestCommentCell.xib in Resources */ = {isa = PBXBuildFile; fileRef = CE31EB3A224E7B9A005CA188 /* HomeBestCommentCell.xib */; };
		CE31EB3E224E819B005CA188 /* HomeWeatherCardCollectionCell.swift in Sources */ = {isa = PBXBuildFile; fileRef = CE31EB3D224E819B005CA188 /* HomeWeatherCardCollectionCell.swift */; };
		CE31EB42224E81EB005CA188 /* HomeBestCommentCollectionCell.swift in Sources */ = {isa = PBXBuildFile; fileRef = CE31EB41224E81EB005CA188 /* HomeBestCommentCollectionCell.swift */; };
		CE31EB44224E8205005CA188 /* HomeBestCommentCell.swift in Sources */ = {isa = PBXBuildFile; fileRef = CE31EB43224E8205005CA188 /* HomeBestCommentCell.swift */; };
		CE31EB46224E92E1005CA188 /* WeatherCard.swift in Sources */ = {isa = PBXBuildFile; fileRef = CE31EB45224E92E1005CA188 /* WeatherCard.swift */; };
		CE31EB48224EAA5A005CA188 /* HomeWeatherMenuCell.xib in Resources */ = {isa = PBXBuildFile; fileRef = CE31EB47224EAA5A005CA188 /* HomeWeatherMenuCell.xib */; };
		CE31EB4A224EAE30005CA188 /* HomeWeatherMenuCell.swift in Sources */ = {isa = PBXBuildFile; fileRef = CE31EB49224EAE30005CA188 /* HomeWeatherMenuCell.swift */; };
		CE31EB4D224EB042005CA188 /* UIKit+Extensions.swift in Sources */ = {isa = PBXBuildFile; fileRef = CE31EB4C224EB042005CA188 /* UIKit+Extensions.swift */; };
		CE522F4C224F91FE000C26BF /* RootViewController.swift in Sources */ = {isa = PBXBuildFile; fileRef = CE20388B22216DB900ED9BA7 /* RootViewController.swift */; };
		CE522F4E224F9A2D000C26BF /* HomeWeatherTempCardCell.swift in Sources */ = {isa = PBXBuildFile; fileRef = CE522F4D224F9A2D000C26BF /* HomeWeatherTempCardCell.swift */; };
		CE522F50224F9A52000C26BF /* HomeWeatherStatusCardCell.swift in Sources */ = {isa = PBXBuildFile; fileRef = CE522F4F224F9A52000C26BF /* HomeWeatherStatusCardCell.swift */; };
		CE522F52224F9A5E000C26BF /* HomeWeatherDustCardCell.swift in Sources */ = {isa = PBXBuildFile; fileRef = CE522F51224F9A5E000C26BF /* HomeWeatherDustCardCell.swift */; };
		CE522F54224F9AEE000C26BF /* HomeWeatherTempCardCell.xib in Resources */ = {isa = PBXBuildFile; fileRef = CE522F53224F9AEE000C26BF /* HomeWeatherTempCardCell.xib */; };
		CE522F56224F9AFD000C26BF /* HomeWeatherStatusCardCell.xib in Resources */ = {isa = PBXBuildFile; fileRef = CE522F55224F9AFD000C26BF /* HomeWeatherStatusCardCell.xib */; };
		CE522F58224F9B0F000C26BF /* HomeWeatherDustCardCell.xib in Resources */ = {isa = PBXBuildFile; fileRef = CE522F57224F9B0F000C26BF /* HomeWeatherDustCardCell.xib */; };
		CE522F5A224FC050000C26BF /* HomeWeatherCompareCardCell.xib in Resources */ = {isa = PBXBuildFile; fileRef = CE522F59224FC050000C26BF /* HomeWeatherCompareCardCell.xib */; };
		CE522F5C224FC085000C26BF /* HomeWeatherCompareCardCell.swift in Sources */ = {isa = PBXBuildFile; fileRef = CE522F5B224FC085000C26BF /* HomeWeatherCompareCardCell.swift */; };
		CE522F5E224FDD11000C26BF /* HomeWeatherTempCardBackCell.xib in Resources */ = {isa = PBXBuildFile; fileRef = CE522F5D224FDD11000C26BF /* HomeWeatherTempCardBackCell.xib */; };
		CE522F60224FE69D000C26BF /* HomeWeatherStatusCardBackCell.xib in Resources */ = {isa = PBXBuildFile; fileRef = CE522F5F224FE69D000C26BF /* HomeWeatherStatusCardBackCell.xib */; };
		CE522F62224FE76F000C26BF /* HomeWeatherDustCardBackCell.xib in Resources */ = {isa = PBXBuildFile; fileRef = CE522F61224FE76F000C26BF /* HomeWeatherDustCardBackCell.xib */; };
		CEB189D52221753F00A1BB38 /* HomeCommentViewController.swift in Sources */ = {isa = PBXBuildFile; fileRef = CEB189D42221753F00A1BB38 /* HomeCommentViewController.swift */; };
		CEB189D82221845500A1BB38 /* Comment.swift in Sources */ = {isa = PBXBuildFile; fileRef = CEB189D72221845500A1BB38 /* Comment.swift */; };
		CEB189DC222185FA00A1BB38 /* RWApiRequest.swift in Sources */ = {isa = PBXBuildFile; fileRef = CEB189DB222185FA00A1BB38 /* RWApiRequest.swift */; };
		CEB189DE2221866C00A1BB38 /* HomeDataController.swift in Sources */ = {isa = PBXBuildFile; fileRef = CEB189DD2221866C00A1BB38 /* HomeDataController.swift */; };
		CEB189E0222186D300A1BB38 /* HomeCommentDataController.swift in Sources */ = {isa = PBXBuildFile; fileRef = CEB189DF222186D300A1BB38 /* HomeCommentDataController.swift */; };
		CED56D08224A90EB008CFD82 /* DrawerViewController.swift in Sources */ = {isa = PBXBuildFile; fileRef = CED56D07224A90EB008CFD82 /* DrawerViewController.swift */; };
		CED56D0A224A919E008CFD82 /* HomeNavigationBarViewController.swift in Sources */ = {isa = PBXBuildFile; fileRef = CED56D09224A919E008CFD82 /* HomeNavigationBarViewController.swift */; };
		CED56D11224A9652008CFD82 /* LocationManager.swift in Sources */ = {isa = PBXBuildFile; fileRef = CED56D10224A9652008CFD82 /* LocationManager.swift */; };
		CED56D13224A9671008CFD82 /* UserManager.swift in Sources */ = {isa = PBXBuildFile; fileRef = CED56D12224A9671008CFD82 /* UserManager.swift */; };
/* End PBXBuildFile section */

/* Begin PBXContainerItemProxy section */
		CE20386B222164A400ED9BA7 /* PBXContainerItemProxy */ = {
			isa = PBXContainerItemProxy;
			containerPortal = CE20384E222164A200ED9BA7 /* Project object */;
			proxyType = 1;
			remoteGlobalIDString = CE203855222164A200ED9BA7;
			remoteInfo = RealWeather;
		};
		CE203876222164A400ED9BA7 /* PBXContainerItemProxy */ = {
			isa = PBXContainerItemProxy;
			containerPortal = CE20384E222164A200ED9BA7 /* Project object */;
			proxyType = 1;
			remoteGlobalIDString = CE203855222164A200ED9BA7;
			remoteInfo = RealWeather;
		};
/* End PBXContainerItemProxy section */

/* Begin PBXFileReference section */
		74415A002221B86A00AA3D67 /* Weather.swift */ = {isa = PBXFileReference; lastKnownFileType = sourcecode.swift; path = Weather.swift; sourceTree = "<group>"; };
		74415A022221B8E000AA3D67 /* TodayWeather.swift */ = {isa = PBXFileReference; lastKnownFileType = sourcecode.swift; path = TodayWeather.swift; sourceTree = "<group>"; };
		CE203856222164A200ED9BA7 /* RealWeather.app */ = {isa = PBXFileReference; explicitFileType = wrapper.application; includeInIndex = 0; path = RealWeather.app; sourceTree = BUILT_PRODUCTS_DIR; };
		CE203859222164A200ED9BA7 /* AppDelegate.swift */ = {isa = PBXFileReference; lastKnownFileType = sourcecode.swift; path = AppDelegate.swift; sourceTree = "<group>"; };
		CE20385E222164A200ED9BA7 /* Base */ = {isa = PBXFileReference; lastKnownFileType = file.storyboard; name = Base; path = Base.lproj/Home.storyboard; sourceTree = "<group>"; };
		CE203860222164A400ED9BA7 /* Assets.xcassets */ = {isa = PBXFileReference; lastKnownFileType = folder.assetcatalog; path = Assets.xcassets; sourceTree = "<group>"; };
		CE203863222164A400ED9BA7 /* Base */ = {isa = PBXFileReference; lastKnownFileType = file.storyboard; name = Base; path = Base.lproj/LaunchScreen.storyboard; sourceTree = "<group>"; };
		CE203865222164A400ED9BA7 /* Info.plist */ = {isa = PBXFileReference; lastKnownFileType = text.plist.xml; path = Info.plist; sourceTree = "<group>"; };
		CE20386A222164A400ED9BA7 /* RealWeatherTests.xctest */ = {isa = PBXFileReference; explicitFileType = wrapper.cfbundle; includeInIndex = 0; path = RealWeatherTests.xctest; sourceTree = BUILT_PRODUCTS_DIR; };
		CE20386E222164A400ED9BA7 /* RealWeatherTests.swift */ = {isa = PBXFileReference; lastKnownFileType = sourcecode.swift; path = RealWeatherTests.swift; sourceTree = "<group>"; };
		CE203870222164A400ED9BA7 /* Info.plist */ = {isa = PBXFileReference; lastKnownFileType = text.plist.xml; path = Info.plist; sourceTree = "<group>"; };
		CE203875222164A400ED9BA7 /* RealWeatherUITests.xctest */ = {isa = PBXFileReference; explicitFileType = wrapper.cfbundle; includeInIndex = 0; path = RealWeatherUITests.xctest; sourceTree = BUILT_PRODUCTS_DIR; };
		CE203879222164A500ED9BA7 /* RealWeatherUITests.swift */ = {isa = PBXFileReference; lastKnownFileType = sourcecode.swift; path = RealWeatherUITests.swift; sourceTree = "<group>"; };
		CE20387B222164A500ED9BA7 /* Info.plist */ = {isa = PBXFileReference; lastKnownFileType = text.plist.xml; path = Info.plist; sourceTree = "<group>"; };
		CE20388922216D9A00ED9BA7 /* HomeViewController.swift */ = {isa = PBXFileReference; lastKnownFileType = sourcecode.swift; path = HomeViewController.swift; sourceTree = "<group>"; };
		CE20388B22216DB900ED9BA7 /* RootViewController.swift */ = {isa = PBXFileReference; lastKnownFileType = sourcecode.swift; path = RootViewController.swift; sourceTree = "<group>"; };
		CE20389222216FB300ED9BA7 /* Main.storyboard */ = {isa = PBXFileReference; lastKnownFileType = file.storyboard; path = Main.storyboard; sourceTree = "<group>"; };
		CE31EB2C224E4D3B005CA188 /* HomeComment.storyboard */ = {isa = PBXFileReference; lastKnownFileType = file.storyboard; path = HomeComment.storyboard; sourceTree = "<group>"; };
		CE31EB30224E4D6F005CA188 /* Settings.storyboard */ = {isa = PBXFileReference; lastKnownFileType = file.storyboard; path = Settings.storyboard; sourceTree = "<group>"; };
		CE31EB34224E7B4D005CA188 /* HomeWeatherCardCollectionCell.xib */ = {isa = PBXFileReference; lastKnownFileType = file.xib; path = HomeWeatherCardCollectionCell.xib; sourceTree = "<group>"; };
		CE31EB38224E7B8B005CA188 /* HomeBestCommentCollectionCell.xib */ = {isa = PBXFileReference; lastKnownFileType = file.xib; path = HomeBestCommentCollectionCell.xib; sourceTree = "<group>"; };
		CE31EB3A224E7B9A005CA188 /* HomeBestCommentCell.xib */ = {isa = PBXFileReference; lastKnownFileType = file.xib; path = HomeBestCommentCell.xib; sourceTree = "<group>"; };
		CE31EB3D224E819B005CA188 /* HomeWeatherCardCollectionCell.swift */ = {isa = PBXFileReference; lastKnownFileType = sourcecode.swift; path = HomeWeatherCardCollectionCell.swift; sourceTree = "<group>"; };
		CE31EB41224E81EB005CA188 /* HomeBestCommentCollectionCell.swift */ = {isa = PBXFileReference; lastKnownFileType = sourcecode.swift; path = HomeBestCommentCollectionCell.swift; sourceTree = "<group>"; };
		CE31EB43224E8205005CA188 /* HomeBestCommentCell.swift */ = {isa = PBXFileReference; lastKnownFileType = sourcecode.swift; path = HomeBestCommentCell.swift; sourceTree = "<group>"; };
		CE31EB45224E92E1005CA188 /* WeatherCard.swift */ = {isa = PBXFileReference; lastKnownFileType = sourcecode.swift; path = WeatherCard.swift; sourceTree = "<group>"; };
		CE31EB47224EAA5A005CA188 /* HomeWeatherMenuCell.xib */ = {isa = PBXFileReference; lastKnownFileType = file.xib; path = HomeWeatherMenuCell.xib; sourceTree = "<group>"; };
		CE31EB49224EAE30005CA188 /* HomeWeatherMenuCell.swift */ = {isa = PBXFileReference; lastKnownFileType = sourcecode.swift; path = HomeWeatherMenuCell.swift; sourceTree = "<group>"; };
		CE31EB4C224EB042005CA188 /* UIKit+Extensions.swift */ = {isa = PBXFileReference; lastKnownFileType = sourcecode.swift; path = "UIKit+Extensions.swift"; sourceTree = "<group>"; };
		CE522F4D224F9A2D000C26BF /* HomeWeatherTempCardCell.swift */ = {isa = PBXFileReference; lastKnownFileType = sourcecode.swift; path = HomeWeatherTempCardCell.swift; sourceTree = "<group>"; };
		CE522F4F224F9A52000C26BF /* HomeWeatherStatusCardCell.swift */ = {isa = PBXFileReference; lastKnownFileType = sourcecode.swift; path = HomeWeatherStatusCardCell.swift; sourceTree = "<group>"; };
		CE522F51224F9A5E000C26BF /* HomeWeatherDustCardCell.swift */ = {isa = PBXFileReference; lastKnownFileType = sourcecode.swift; path = HomeWeatherDustCardCell.swift; sourceTree = "<group>"; };
		CE522F53224F9AEE000C26BF /* HomeWeatherTempCardCell.xib */ = {isa = PBXFileReference; lastKnownFileType = file.xib; path = HomeWeatherTempCardCell.xib; sourceTree = "<group>"; };
		CE522F55224F9AFD000C26BF /* HomeWeatherStatusCardCell.xib */ = {isa = PBXFileReference; lastKnownFileType = file.xib; path = HomeWeatherStatusCardCell.xib; sourceTree = "<group>"; };
		CE522F57224F9B0F000C26BF /* HomeWeatherDustCardCell.xib */ = {isa = PBXFileReference; lastKnownFileType = file.xib; path = HomeWeatherDustCardCell.xib; sourceTree = "<group>"; };
		CE522F59224FC050000C26BF /* HomeWeatherCompareCardCell.xib */ = {isa = PBXFileReference; lastKnownFileType = file.xib; path = HomeWeatherCompareCardCell.xib; sourceTree = "<group>"; };
		CE522F5B224FC085000C26BF /* HomeWeatherCompareCardCell.swift */ = {isa = PBXFileReference; lastKnownFileType = sourcecode.swift; path = HomeWeatherCompareCardCell.swift; sourceTree = "<group>"; };
		CE522F5D224FDD11000C26BF /* HomeWeatherTempCardBackCell.xib */ = {isa = PBXFileReference; lastKnownFileType = file.xib; path = HomeWeatherTempCardBackCell.xib; sourceTree = "<group>"; };
		CE522F5F224FE69D000C26BF /* HomeWeatherStatusCardBackCell.xib */ = {isa = PBXFileReference; lastKnownFileType = file.xib; path = HomeWeatherStatusCardBackCell.xib; sourceTree = "<group>"; };
		CE522F61224FE76F000C26BF /* HomeWeatherDustCardBackCell.xib */ = {isa = PBXFileReference; lastKnownFileType = file.xib; path = HomeWeatherDustCardBackCell.xib; sourceTree = "<group>"; };
		CEB189D42221753F00A1BB38 /* HomeCommentViewController.swift */ = {isa = PBXFileReference; lastKnownFileType = sourcecode.swift; path = HomeCommentViewController.swift; sourceTree = "<group>"; };
		CEB189D72221845500A1BB38 /* Comment.swift */ = {isa = PBXFileReference; lastKnownFileType = sourcecode.swift; path = Comment.swift; sourceTree = "<group>"; };
		CEB189DB222185FA00A1BB38 /* RWApiRequest.swift */ = {isa = PBXFileReference; lastKnownFileType = sourcecode.swift; path = RWApiRequest.swift; sourceTree = "<group>"; };
		CEB189DD2221866C00A1BB38 /* HomeDataController.swift */ = {isa = PBXFileReference; lastKnownFileType = sourcecode.swift; path = HomeDataController.swift; sourceTree = "<group>"; };
		CEB189DF222186D300A1BB38 /* HomeCommentDataController.swift */ = {isa = PBXFileReference; lastKnownFileType = sourcecode.swift; path = HomeCommentDataController.swift; sourceTree = "<group>"; };
		CED56D07224A90EB008CFD82 /* DrawerViewController.swift */ = {isa = PBXFileReference; lastKnownFileType = sourcecode.swift; path = DrawerViewController.swift; sourceTree = "<group>"; };
		CED56D09224A919E008CFD82 /* HomeNavigationBarViewController.swift */ = {isa = PBXFileReference; lastKnownFileType = sourcecode.swift; path = HomeNavigationBarViewController.swift; sourceTree = "<group>"; };
		CED56D10224A9652008CFD82 /* LocationManager.swift */ = {isa = PBXFileReference; lastKnownFileType = sourcecode.swift; path = LocationManager.swift; sourceTree = "<group>"; };
		CED56D12224A9671008CFD82 /* UserManager.swift */ = {isa = PBXFileReference; lastKnownFileType = sourcecode.swift; path = UserManager.swift; sourceTree = "<group>"; };
/* End PBXFileReference section */

/* Begin PBXFrameworksBuildPhase section */
		CE203853222164A200ED9BA7 /* Frameworks */ = {
			isa = PBXFrameworksBuildPhase;
			buildActionMask = 2147483647;
			files = (
			);
			runOnlyForDeploymentPostprocessing = 0;
		};
		CE203867222164A400ED9BA7 /* Frameworks */ = {
			isa = PBXFrameworksBuildPhase;
			buildActionMask = 2147483647;
			files = (
			);
			runOnlyForDeploymentPostprocessing = 0;
		};
		CE203872222164A400ED9BA7 /* Frameworks */ = {
			isa = PBXFrameworksBuildPhase;
			buildActionMask = 2147483647;
			files = (
			);
			runOnlyForDeploymentPostprocessing = 0;
		};
/* End PBXFrameworksBuildPhase section */

/* Begin PBXGroup section */
		CE20384D222164A200ED9BA7 = {
			isa = PBXGroup;
			children = (
				CE203858222164A200ED9BA7 /* RealWeather */,
				CE20386D222164A400ED9BA7 /* RealWeatherTests */,
				CE203878222164A500ED9BA7 /* RealWeatherUITests */,
				CE203857222164A200ED9BA7 /* Products */,
			);
			sourceTree = "<group>";
		};
		CE203857222164A200ED9BA7 /* Products */ = {
			isa = PBXGroup;
			children = (
				CE203856222164A200ED9BA7 /* RealWeather.app */,
				CE20386A222164A400ED9BA7 /* RealWeatherTests.xctest */,
				CE203875222164A400ED9BA7 /* RealWeatherUITests.xctest */,
			);
			name = Products;
			sourceTree = "<group>";
		};
		CE203858222164A200ED9BA7 /* RealWeather */ = {
			isa = PBXGroup;
			children = (
				CE203859222164A200ED9BA7 /* AppDelegate.swift */,
				CE20388B22216DB900ED9BA7 /* RootViewController.swift */,
				CEB189D62221844500A1BB38 /* Model */,
				CE20388D22216E4500ED9BA7 /* Home */,
				CED56D06224A90D3008CFD82 /* Drawer */,
				CE31EB4B224EB015005CA188 /* Extensions */,
				CE20389022216E9400ED9BA7 /* Storyboard */,
				CEB189DA222185C700A1BB38 /* Util */,
				CED56D0F224A9647008CFD82 /* Manager */,
				CE20389122216EAC00ED9BA7 /* Supporting Files */,
			);
			path = RealWeather;
			sourceTree = "<group>";
		};
		CE20386D222164A400ED9BA7 /* RealWeatherTests */ = {
			isa = PBXGroup;
			children = (
				CE20386E222164A400ED9BA7 /* RealWeatherTests.swift */,
				CE203870222164A400ED9BA7 /* Info.plist */,
			);
			path = RealWeatherTests;
			sourceTree = "<group>";
		};
		CE203878222164A500ED9BA7 /* RealWeatherUITests */ = {
			isa = PBXGroup;
			children = (
				CE203879222164A500ED9BA7 /* RealWeatherUITests.swift */,
				CE20387B222164A500ED9BA7 /* Info.plist */,
			);
			path = RealWeatherUITests;
			sourceTree = "<group>";
		};
		CE20388D22216E4500ED9BA7 /* Home */ = {
			isa = PBXGroup;
			children = (
				CE20388922216D9A00ED9BA7 /* HomeViewController.swift */,
				CEB189DD2221866C00A1BB38 /* HomeDataController.swift */,
				CEB189D42221753F00A1BB38 /* HomeCommentViewController.swift */,
				CEB189DF222186D300A1BB38 /* HomeCommentDataController.swift */,
				CED56D09224A919E008CFD82 /* HomeNavigationBarViewController.swift */,
				CE31EB3D224E819B005CA188 /* HomeWeatherCardCollectionCell.swift */,
				CE522F4D224F9A2D000C26BF /* HomeWeatherTempCardCell.swift */,
				CE522F5B224FC085000C26BF /* HomeWeatherCompareCardCell.swift */,
				CE522F4F224F9A52000C26BF /* HomeWeatherStatusCardCell.swift */,
				CE522F51224F9A5E000C26BF /* HomeWeatherDustCardCell.swift */,
				CE31EB49224EAE30005CA188 /* HomeWeatherMenuCell.swift */,
				CE31EB41224E81EB005CA188 /* HomeBestCommentCollectionCell.swift */,
				CE31EB43224E8205005CA188 /* HomeBestCommentCell.swift */,
			);
			name = Home;
			sourceTree = "<group>";
		};
		CE20389022216E9400ED9BA7 /* Storyboard */ = {
			isa = PBXGroup;
			children = (
				CE20389222216FB300ED9BA7 /* Main.storyboard */,
				CE20385D222164A200ED9BA7 /* Home.storyboard */,
				CE31EB30224E4D6F005CA188 /* Settings.storyboard */,
				CE31EB2C224E4D3B005CA188 /* HomeComment.storyboard */,
				CE31EB3C224E7BA8005CA188 /* HomeCell */,
			);
			name = Storyboard;
			sourceTree = "<group>";
		};
		CE20389122216EAC00ED9BA7 /* Supporting Files */ = {
			isa = PBXGroup;
			children = (
				CE203860222164A400ED9BA7 /* Assets.xcassets */,
				CE203862222164A400ED9BA7 /* LaunchScreen.storyboard */,
				CE203865222164A400ED9BA7 /* Info.plist */,
			);
			name = "Supporting Files";
			sourceTree = "<group>";
		};
		CE31EB3C224E7BA8005CA188 /* HomeCell */ = {
			isa = PBXGroup;
			children = (
				CE31EB34224E7B4D005CA188 /* HomeWeatherCardCollectionCell.xib */,
				CE522F53224F9AEE000C26BF /* HomeWeatherTempCardCell.xib */,
				CE522F5D224FDD11000C26BF /* HomeWeatherTempCardBackCell.xib */,
				CE522F59224FC050000C26BF /* HomeWeatherCompareCardCell.xib */,
				CE522F55224F9AFD000C26BF /* HomeWeatherStatusCardCell.xib */,
				CE522F5F224FE69D000C26BF /* HomeWeatherStatusCardBackCell.xib */,
				CE522F57224F9B0F000C26BF /* HomeWeatherDustCardCell.xib */,
				CE522F61224FE76F000C26BF /* HomeWeatherDustCardBackCell.xib */,
				CE31EB47224EAA5A005CA188 /* HomeWeatherMenuCell.xib */,
				CE31EB38224E7B8B005CA188 /* HomeBestCommentCollectionCell.xib */,
				CE31EB3A224E7B9A005CA188 /* HomeBestCommentCell.xib */,
			);
			name = HomeCell;
			sourceTree = "<group>";
		};
		CE31EB4B224EB015005CA188 /* Extensions */ = {
			isa = PBXGroup;
			children = (
				CE31EB4C224EB042005CA188 /* UIKit+Extensions.swift */,
			);
			name = Extensions;
			sourceTree = "<group>";
		};
		CEB189D62221844500A1BB38 /* Model */ = {
			isa = PBXGroup;
			children = (
				CEB189D72221845500A1BB38 /* Comment.swift */,
				74415A002221B86A00AA3D67 /* Weather.swift */,
				CE31EB45224E92E1005CA188 /* WeatherCard.swift */,
				74415A022221B8E000AA3D67 /* TodayWeather.swift */,
			);
			name = Model;
			sourceTree = "<group>";
		};
		CEB189DA222185C700A1BB38 /* Util */ = {
			isa = PBXGroup;
			children = (
				CEB189DB222185FA00A1BB38 /* RWApiRequest.swift */,
			);
			name = Util;
			sourceTree = "<group>";
		};
		CED56D06224A90D3008CFD82 /* Drawer */ = {
			isa = PBXGroup;
			children = (
				CED56D07224A90EB008CFD82 /* DrawerViewController.swift */,
			);
			name = Drawer;
			sourceTree = "<group>";
		};
		CED56D0F224A9647008CFD82 /* Manager */ = {
			isa = PBXGroup;
			children = (
				CED56D10224A9652008CFD82 /* LocationManager.swift */,
				CED56D12224A9671008CFD82 /* UserManager.swift */,
			);
			name = Manager;
			sourceTree = "<group>";
		};
/* End PBXGroup section */

/* Begin PBXNativeTarget section */
		CE203855222164A200ED9BA7 /* RealWeather */ = {
			isa = PBXNativeTarget;
			buildConfigurationList = CE20387E222164A500ED9BA7 /* Build configuration list for PBXNativeTarget "RealWeather" */;
			buildPhases = (
				CE203852222164A200ED9BA7 /* Sources */,
				CE203853222164A200ED9BA7 /* Frameworks */,
				CE203854222164A200ED9BA7 /* Resources */,
			);
			buildRules = (
			);
			dependencies = (
			);
			name = RealWeather;
			productName = RealWeather;
			productReference = CE203856222164A200ED9BA7 /* RealWeather.app */;
			productType = "com.apple.product-type.application";
		};
		CE203869222164A400ED9BA7 /* RealWeatherTests */ = {
			isa = PBXNativeTarget;
			buildConfigurationList = CE203881222164A500ED9BA7 /* Build configuration list for PBXNativeTarget "RealWeatherTests" */;
			buildPhases = (
				CE203866222164A400ED9BA7 /* Sources */,
				CE203867222164A400ED9BA7 /* Frameworks */,
				CE203868222164A400ED9BA7 /* Resources */,
			);
			buildRules = (
			);
			dependencies = (
				CE20386C222164A400ED9BA7 /* PBXTargetDependency */,
			);
			name = RealWeatherTests;
			productName = RealWeatherTests;
			productReference = CE20386A222164A400ED9BA7 /* RealWeatherTests.xctest */;
			productType = "com.apple.product-type.bundle.unit-test";
		};
		CE203874222164A400ED9BA7 /* RealWeatherUITests */ = {
			isa = PBXNativeTarget;
			buildConfigurationList = CE203884222164A500ED9BA7 /* Build configuration list for PBXNativeTarget "RealWeatherUITests" */;
			buildPhases = (
				CE203871222164A400ED9BA7 /* Sources */,
				CE203872222164A400ED9BA7 /* Frameworks */,
				CE203873222164A400ED9BA7 /* Resources */,
			);
			buildRules = (
			);
			dependencies = (
				CE203877222164A400ED9BA7 /* PBXTargetDependency */,
			);
			name = RealWeatherUITests;
			productName = RealWeatherUITests;
			productReference = CE203875222164A400ED9BA7 /* RealWeatherUITests.xctest */;
			productType = "com.apple.product-type.bundle.ui-testing";
		};
/* End PBXNativeTarget section */

/* Begin PBXProject section */
		CE20384E222164A200ED9BA7 /* Project object */ = {
			isa = PBXProject;
			attributes = {
				LastSwiftUpdateCheck = 1010;
				LastUpgradeCheck = 1010;
				ORGANIZATIONNAME = yapp;
				TargetAttributes = {
					CE203855222164A200ED9BA7 = {
						CreatedOnToolsVersion = 10.1;
					};
					CE203869222164A400ED9BA7 = {
						CreatedOnToolsVersion = 10.1;
						TestTargetID = CE203855222164A200ED9BA7;
					};
					CE203874222164A400ED9BA7 = {
						CreatedOnToolsVersion = 10.1;
						TestTargetID = CE203855222164A200ED9BA7;
					};
				};
			};
			buildConfigurationList = CE203851222164A200ED9BA7 /* Build configuration list for PBXProject "RealWeather" */;
			compatibilityVersion = "Xcode 9.3";
			developmentRegion = en;
			hasScannedForEncodings = 0;
			knownRegions = (
				en,
				Base,
			);
			mainGroup = CE20384D222164A200ED9BA7;
			productRefGroup = CE203857222164A200ED9BA7 /* Products */;
			projectDirPath = "";
			projectRoot = "";
			targets = (
				CE203855222164A200ED9BA7 /* RealWeather */,
				CE203869222164A400ED9BA7 /* RealWeatherTests */,
				CE203874222164A400ED9BA7 /* RealWeatherUITests */,
			);
		};
/* End PBXProject section */

/* Begin PBXResourcesBuildPhase section */
		CE203854222164A200ED9BA7 /* Resources */ = {
			isa = PBXResourcesBuildPhase;
			buildActionMask = 2147483647;
			files = (
				CE203864222164A400ED9BA7 /* LaunchScreen.storyboard in Resources */,
				CE31EB48224EAA5A005CA188 /* HomeWeatherMenuCell.xib in Resources */,
				CE31EB2D224E4D3B005CA188 /* HomeComment.storyboard in Resources */,
				CE522F58224F9B0F000C26BF /* HomeWeatherDustCardCell.xib in Resources */,
				CE522F56224F9AFD000C26BF /* HomeWeatherStatusCardCell.xib in Resources */,
				CE522F5A224FC050000C26BF /* HomeWeatherCompareCardCell.xib in Resources */,
				CE20389322216FB300ED9BA7 /* Main.storyboard in Resources */,
				CE31EB35224E7B4D005CA188 /* HomeWeatherCardCollectionCell.xib in Resources */,
				CE522F54224F9AEE000C26BF /* HomeWeatherTempCardCell.xib in Resources */,
				CE522F5E224FDD11000C26BF /* HomeWeatherTempCardBackCell.xib in Resources */,
				CE31EB3B224E7B9A005CA188 /* HomeBestCommentCell.xib in Resources */,
				CE203861222164A400ED9BA7 /* Assets.xcassets in Resources */,
				CE31EB31224E4D6F005CA188 /* Settings.storyboard in Resources */,
				CE522F62224FE76F000C26BF /* HomeWeatherDustCardBackCell.xib in Resources */,
				CE31EB39224E7B8B005CA188 /* HomeBestCommentCollectionCell.xib in Resources */,
				CE522F60224FE69D000C26BF /* HomeWeatherStatusCardBackCell.xib in Resources */,
				CE20385F222164A200ED9BA7 /* Home.storyboard in Resources */,
			);
			runOnlyForDeploymentPostprocessing = 0;
		};
		CE203868222164A400ED9BA7 /* Resources */ = {
			isa = PBXResourcesBuildPhase;
			buildActionMask = 2147483647;
			files = (
			);
			runOnlyForDeploymentPostprocessing = 0;
		};
		CE203873222164A400ED9BA7 /* Resources */ = {
			isa = PBXResourcesBuildPhase;
			buildActionMask = 2147483647;
			files = (
			);
			runOnlyForDeploymentPostprocessing = 0;
		};
/* End PBXResourcesBuildPhase section */

/* Begin PBXSourcesBuildPhase section */
		CE203852222164A200ED9BA7 /* Sources */ = {
			isa = PBXSourcesBuildPhase;
			buildActionMask = 2147483647;
			files = (
				CED56D13224A9671008CFD82 /* UserManager.swift in Sources */,
				CED56D11224A9652008CFD82 /* LocationManager.swift in Sources */,
				CE20385A222164A200ED9BA7 /* AppDelegate.swift in Sources */,
				CEB189D82221845500A1BB38 /* Comment.swift in Sources */,
				CEB189DE2221866C00A1BB38 /* HomeDataController.swift in Sources */,
				74415A012221B86A00AA3D67 /* Weather.swift in Sources */,
				CE31EB3E224E819B005CA188 /* HomeWeatherCardCollectionCell.swift in Sources */,
				CEB189DC222185FA00A1BB38 /* RWApiRequest.swift in Sources */,
				CE522F50224F9A52000C26BF /* HomeWeatherStatusCardCell.swift in Sources */,
				CE31EB46224E92E1005CA188 /* WeatherCard.swift in Sources */,
				CE522F5C224FC085000C26BF /* HomeWeatherCompareCardCell.swift in Sources */,
				CED56D0A224A919E008CFD82 /* HomeNavigationBarViewController.swift in Sources */,
				CE522F52224F9A5E000C26BF /* HomeWeatherDustCardCell.swift in Sources */,
				CE31EB4A224EAE30005CA188 /* HomeWeatherMenuCell.swift in Sources */,
				CEB189D52221753F00A1BB38 /* HomeCommentViewController.swift in Sources */,
				CED56D08224A90EB008CFD82 /* DrawerViewController.swift in Sources */,
				CE31EB4D224EB042005CA188 /* UIKit+Extensions.swift in Sources */,
				CE522F4E224F9A2D000C26BF /* HomeWeatherTempCardCell.swift in Sources */,
				CE31EB44224E8205005CA188 /* HomeBestCommentCell.swift in Sources */,
				CEB189E0222186D300A1BB38 /* HomeCommentDataController.swift in Sources */,
				CE522F4C224F91FE000C26BF /* RootViewController.swift in Sources */,
				74415A032221B8E000AA3D67 /* TodayWeather.swift in Sources */,
				CE31EB42224E81EB005CA188 /* HomeBestCommentCollectionCell.swift in Sources */,
				CE20388A22216D9A00ED9BA7 /* HomeViewController.swift in Sources */,
			);
			runOnlyForDeploymentPostprocessing = 0;
		};
		CE203866222164A400ED9BA7 /* Sources */ = {
			isa = PBXSourcesBuildPhase;
			buildActionMask = 2147483647;
			files = (
				CE20386F222164A400ED9BA7 /* RealWeatherTests.swift in Sources */,
			);
			runOnlyForDeploymentPostprocessing = 0;
		};
		CE203871222164A400ED9BA7 /* Sources */ = {
			isa = PBXSourcesBuildPhase;
			buildActionMask = 2147483647;
			files = (
				CE20387A222164A500ED9BA7 /* RealWeatherUITests.swift in Sources */,
			);
			runOnlyForDeploymentPostprocessing = 0;
		};
/* End PBXSourcesBuildPhase section */

/* Begin PBXTargetDependency section */
		CE20386C222164A400ED9BA7 /* PBXTargetDependency */ = {
			isa = PBXTargetDependency;
			target = CE203855222164A200ED9BA7 /* RealWeather */;
			targetProxy = CE20386B222164A400ED9BA7 /* PBXContainerItemProxy */;
		};
		CE203877222164A400ED9BA7 /* PBXTargetDependency */ = {
			isa = PBXTargetDependency;
			target = CE203855222164A200ED9BA7 /* RealWeather */;
			targetProxy = CE203876222164A400ED9BA7 /* PBXContainerItemProxy */;
		};
/* End PBXTargetDependency section */

/* Begin PBXVariantGroup section */
		CE20385D222164A200ED9BA7 /* Home.storyboard */ = {
			isa = PBXVariantGroup;
			children = (
				CE20385E222164A200ED9BA7 /* Base */,
			);
			name = Home.storyboard;
			sourceTree = "<group>";
		};
		CE203862222164A400ED9BA7 /* LaunchScreen.storyboard */ = {
			isa = PBXVariantGroup;
			children = (
				CE203863222164A400ED9BA7 /* Base */,
			);
			name = LaunchScreen.storyboard;
			sourceTree = "<group>";
		};
/* End PBXVariantGroup section */

/* Begin XCBuildConfiguration section */
		CE20387C222164A500ED9BA7 /* Debug */ = {
			isa = XCBuildConfiguration;
			buildSettings = {
				ALWAYS_SEARCH_USER_PATHS = NO;
				CLANG_ANALYZER_NONNULL = YES;
				CLANG_ANALYZER_NUMBER_OBJECT_CONVERSION = YES_AGGRESSIVE;
				CLANG_CXX_LANGUAGE_STANDARD = "gnu++14";
				CLANG_CXX_LIBRARY = "libc++";
				CLANG_ENABLE_MODULES = YES;
				CLANG_ENABLE_OBJC_ARC = YES;
				CLANG_ENABLE_OBJC_WEAK = YES;
				CLANG_WARN_BLOCK_CAPTURE_AUTORELEASING = YES;
				CLANG_WARN_BOOL_CONVERSION = YES;
				CLANG_WARN_COMMA = YES;
				CLANG_WARN_CONSTANT_CONVERSION = YES;
				CLANG_WARN_DEPRECATED_OBJC_IMPLEMENTATIONS = YES;
				CLANG_WARN_DIRECT_OBJC_ISA_USAGE = YES_ERROR;
				CLANG_WARN_DOCUMENTATION_COMMENTS = YES;
				CLANG_WARN_EMPTY_BODY = YES;
				CLANG_WARN_ENUM_CONVERSION = YES;
				CLANG_WARN_INFINITE_RECURSION = YES;
				CLANG_WARN_INT_CONVERSION = YES;
				CLANG_WARN_NON_LITERAL_NULL_CONVERSION = YES;
				CLANG_WARN_OBJC_IMPLICIT_RETAIN_SELF = YES;
				CLANG_WARN_OBJC_LITERAL_CONVERSION = YES;
				CLANG_WARN_OBJC_ROOT_CLASS = YES_ERROR;
				CLANG_WARN_RANGE_LOOP_ANALYSIS = YES;
				CLANG_WARN_STRICT_PROTOTYPES = YES;
				CLANG_WARN_SUSPICIOUS_MOVE = YES;
				CLANG_WARN_UNGUARDED_AVAILABILITY = YES_AGGRESSIVE;
				CLANG_WARN_UNREACHABLE_CODE = YES;
				CLANG_WARN__DUPLICATE_METHOD_MATCH = YES;
				CODE_SIGN_IDENTITY = "iPhone Developer";
				COPY_PHASE_STRIP = NO;
				DEBUG_INFORMATION_FORMAT = dwarf;
				ENABLE_STRICT_OBJC_MSGSEND = YES;
				ENABLE_TESTABILITY = YES;
				GCC_C_LANGUAGE_STANDARD = gnu11;
				GCC_DYNAMIC_NO_PIC = NO;
				GCC_NO_COMMON_BLOCKS = YES;
				GCC_OPTIMIZATION_LEVEL = 0;
				GCC_PREPROCESSOR_DEFINITIONS = (
					"DEBUG=1",
					"$(inherited)",
				);
				GCC_WARN_64_TO_32_BIT_CONVERSION = YES;
				GCC_WARN_ABOUT_RETURN_TYPE = YES_ERROR;
				GCC_WARN_UNDECLARED_SELECTOR = YES;
				GCC_WARN_UNINITIALIZED_AUTOS = YES_AGGRESSIVE;
				GCC_WARN_UNUSED_FUNCTION = YES;
				GCC_WARN_UNUSED_VARIABLE = YES;
				IPHONEOS_DEPLOYMENT_TARGET = 12.1;
				MTL_ENABLE_DEBUG_INFO = INCLUDE_SOURCE;
				MTL_FAST_MATH = YES;
				ONLY_ACTIVE_ARCH = YES;
				SDKROOT = iphoneos;
				SWIFT_ACTIVE_COMPILATION_CONDITIONS = DEBUG;
				SWIFT_OPTIMIZATION_LEVEL = "-Onone";
			};
			name = Debug;
		};
		CE20387D222164A500ED9BA7 /* Release */ = {
			isa = XCBuildConfiguration;
			buildSettings = {
				ALWAYS_SEARCH_USER_PATHS = NO;
				CLANG_ANALYZER_NONNULL = YES;
				CLANG_ANALYZER_NUMBER_OBJECT_CONVERSION = YES_AGGRESSIVE;
				CLANG_CXX_LANGUAGE_STANDARD = "gnu++14";
				CLANG_CXX_LIBRARY = "libc++";
				CLANG_ENABLE_MODULES = YES;
				CLANG_ENABLE_OBJC_ARC = YES;
				CLANG_ENABLE_OBJC_WEAK = YES;
				CLANG_WARN_BLOCK_CAPTURE_AUTORELEASING = YES;
				CLANG_WARN_BOOL_CONVERSION = YES;
				CLANG_WARN_COMMA = YES;
				CLANG_WARN_CONSTANT_CONVERSION = YES;
				CLANG_WARN_DEPRECATED_OBJC_IMPLEMENTATIONS = YES;
				CLANG_WARN_DIRECT_OBJC_ISA_USAGE = YES_ERROR;
				CLANG_WARN_DOCUMENTATION_COMMENTS = YES;
				CLANG_WARN_EMPTY_BODY = YES;
				CLANG_WARN_ENUM_CONVERSION = YES;
				CLANG_WARN_INFINITE_RECURSION = YES;
				CLANG_WARN_INT_CONVERSION = YES;
				CLANG_WARN_NON_LITERAL_NULL_CONVERSION = YES;
				CLANG_WARN_OBJC_IMPLICIT_RETAIN_SELF = YES;
				CLANG_WARN_OBJC_LITERAL_CONVERSION = YES;
				CLANG_WARN_OBJC_ROOT_CLASS = YES_ERROR;
				CLANG_WARN_RANGE_LOOP_ANALYSIS = YES;
				CLANG_WARN_STRICT_PROTOTYPES = YES;
				CLANG_WARN_SUSPICIOUS_MOVE = YES;
				CLANG_WARN_UNGUARDED_AVAILABILITY = YES_AGGRESSIVE;
				CLANG_WARN_UNREACHABLE_CODE = YES;
				CLANG_WARN__DUPLICATE_METHOD_MATCH = YES;
				CODE_SIGN_IDENTITY = "iPhone Developer";
				COPY_PHASE_STRIP = NO;
				DEBUG_INFORMATION_FORMAT = "dwarf-with-dsym";
				ENABLE_NS_ASSERTIONS = NO;
				ENABLE_STRICT_OBJC_MSGSEND = YES;
				GCC_C_LANGUAGE_STANDARD = gnu11;
				GCC_NO_COMMON_BLOCKS = YES;
				GCC_WARN_64_TO_32_BIT_CONVERSION = YES;
				GCC_WARN_ABOUT_RETURN_TYPE = YES_ERROR;
				GCC_WARN_UNDECLARED_SELECTOR = YES;
				GCC_WARN_UNINITIALIZED_AUTOS = YES_AGGRESSIVE;
				GCC_WARN_UNUSED_FUNCTION = YES;
				GCC_WARN_UNUSED_VARIABLE = YES;
				IPHONEOS_DEPLOYMENT_TARGET = 12.1;
				MTL_ENABLE_DEBUG_INFO = NO;
				MTL_FAST_MATH = YES;
				SDKROOT = iphoneos;
				SWIFT_COMPILATION_MODE = wholemodule;
				SWIFT_OPTIMIZATION_LEVEL = "-O";
				VALIDATE_PRODUCT = YES;
			};
			name = Release;
		};
		CE20387F222164A500ED9BA7 /* Debug */ = {
			isa = XCBuildConfiguration;
			buildSettings = {
				ASSETCATALOG_COMPILER_APPICON_NAME = AppIcon;
				CODE_SIGN_STYLE = Automatic;
				DEVELOPMENT_TEAM = 9RVFJQPN7Q;
				INFOPLIST_FILE = RealWeather/Info.plist;
				IPHONEOS_DEPLOYMENT_TARGET = 11.0;
				LD_RUNPATH_SEARCH_PATHS = (
					"$(inherited)",
					"@executable_path/Frameworks",
				);
				PRODUCT_BUNDLE_IDENTIFIER = com.yapp.RealWeather;
				PRODUCT_NAME = "$(TARGET_NAME)";
				SWIFT_VERSION = 4.2;
				TARGETED_DEVICE_FAMILY = 1;
			};
			name = Debug;
		};
		CE203880222164A500ED9BA7 /* Release */ = {
			isa = XCBuildConfiguration;
			buildSettings = {
				ASSETCATALOG_COMPILER_APPICON_NAME = AppIcon;
				CODE_SIGN_STYLE = Automatic;
				DEVELOPMENT_TEAM = 9RVFJQPN7Q;
				INFOPLIST_FILE = RealWeather/Info.plist;
				IPHONEOS_DEPLOYMENT_TARGET = 11.0;
				LD_RUNPATH_SEARCH_PATHS = (
					"$(inherited)",
					"@executable_path/Frameworks",
				);
				PRODUCT_BUNDLE_IDENTIFIER = com.yapp.RealWeather;
				PRODUCT_NAME = "$(TARGET_NAME)";
				SWIFT_VERSION = 4.2;
				TARGETED_DEVICE_FAMILY = 1;
			};
			name = Release;
		};
		CE203882222164A500ED9BA7 /* Debug */ = {
			isa = XCBuildConfiguration;
			buildSettings = {
				ALWAYS_EMBED_SWIFT_STANDARD_LIBRARIES = YES;
				BUNDLE_LOADER = "$(TEST_HOST)";
				CODE_SIGN_STYLE = Automatic;
				DEVELOPMENT_TEAM = 9RVFJQPN7Q;
				INFOPLIST_FILE = RealWeatherTests/Info.plist;
				LD_RUNPATH_SEARCH_PATHS = (
					"$(inherited)",
					"@executable_path/Frameworks",
					"@loader_path/Frameworks",
				);
				PRODUCT_BUNDLE_IDENTIFIER = com.yapp.RealWeatherTests;
				PRODUCT_NAME = "$(TARGET_NAME)";
				SWIFT_VERSION = 4.2;
				TARGETED_DEVICE_FAMILY = "1,2";
				TEST_HOST = "$(BUILT_PRODUCTS_DIR)/RealWeather.app/RealWeather";
			};
			name = Debug;
		};
		CE203883222164A500ED9BA7 /* Release */ = {
			isa = XCBuildConfiguration;
			buildSettings = {
				ALWAYS_EMBED_SWIFT_STANDARD_LIBRARIES = YES;
				BUNDLE_LOADER = "$(TEST_HOST)";
				CODE_SIGN_STYLE = Automatic;
				DEVELOPMENT_TEAM = 9RVFJQPN7Q;
				INFOPLIST_FILE = RealWeatherTests/Info.plist;
				LD_RUNPATH_SEARCH_PATHS = (
					"$(inherited)",
					"@executable_path/Frameworks",
					"@loader_path/Frameworks",
				);
				PRODUCT_BUNDLE_IDENTIFIER = com.yapp.RealWeatherTests;
				PRODUCT_NAME = "$(TARGET_NAME)";
				SWIFT_VERSION = 4.2;
				TARGETED_DEVICE_FAMILY = "1,2";
				TEST_HOST = "$(BUILT_PRODUCTS_DIR)/RealWeather.app/RealWeather";
			};
			name = Release;
		};
		CE203885222164A500ED9BA7 /* Debug */ = {
			isa = XCBuildConfiguration;
			buildSettings = {
				ALWAYS_EMBED_SWIFT_STANDARD_LIBRARIES = YES;
				CODE_SIGN_STYLE = Automatic;
				DEVELOPMENT_TEAM = 9RVFJQPN7Q;
				INFOPLIST_FILE = RealWeatherUITests/Info.plist;
				LD_RUNPATH_SEARCH_PATHS = (
					"$(inherited)",
					"@executable_path/Frameworks",
					"@loader_path/Frameworks",
				);
				PRODUCT_BUNDLE_IDENTIFIER = com.yapp.RealWeatherUITests;
				PRODUCT_NAME = "$(TARGET_NAME)";
				SWIFT_VERSION = 4.2;
				TARGETED_DEVICE_FAMILY = "1,2";
				TEST_TARGET_NAME = RealWeather;
			};
			name = Debug;
		};
		CE203886222164A500ED9BA7 /* Release */ = {
			isa = XCBuildConfiguration;
			buildSettings = {
				ALWAYS_EMBED_SWIFT_STANDARD_LIBRARIES = YES;
				CODE_SIGN_STYLE = Automatic;
				DEVELOPMENT_TEAM = 9RVFJQPN7Q;
				INFOPLIST_FILE = RealWeatherUITests/Info.plist;
				LD_RUNPATH_SEARCH_PATHS = (
					"$(inherited)",
					"@executable_path/Frameworks",
					"@loader_path/Frameworks",
				);
				PRODUCT_BUNDLE_IDENTIFIER = com.yapp.RealWeatherUITests;
				PRODUCT_NAME = "$(TARGET_NAME)";
				SWIFT_VERSION = 4.2;
				TARGETED_DEVICE_FAMILY = "1,2";
				TEST_TARGET_NAME = RealWeather;
			};
			name = Release;
		};
/* End XCBuildConfiguration section */

/* Begin XCConfigurationList section */
		CE203851222164A200ED9BA7 /* Build configuration list for PBXProject "RealWeather" */ = {
			isa = XCConfigurationList;
			buildConfigurations = (
				CE20387C222164A500ED9BA7 /* Debug */,
				CE20387D222164A500ED9BA7 /* Release */,
			);
			defaultConfigurationIsVisible = 0;
			defaultConfigurationName = Release;
		};
		CE20387E222164A500ED9BA7 /* Build configuration list for PBXNativeTarget "RealWeather" */ = {
			isa = XCConfigurationList;
			buildConfigurations = (
				CE20387F222164A500ED9BA7 /* Debug */,
				CE203880222164A500ED9BA7 /* Release */,
			);
			defaultConfigurationIsVisible = 0;
			defaultConfigurationName = Release;
		};
		CE203881222164A500ED9BA7 /* Build configuration list for PBXNativeTarget "RealWeatherTests" */ = {
			isa = XCConfigurationList;
			buildConfigurations = (
				CE203882222164A500ED9BA7 /* Debug */,
				CE203883222164A500ED9BA7 /* Release */,
			);
			defaultConfigurationIsVisible = 0;
			defaultConfigurationName = Release;
		};
		CE203884222164A500ED9BA7 /* Build configuration list for PBXNativeTarget "RealWeatherUITests" */ = {
			isa = XCConfigurationList;
			buildConfigurations = (
				CE203885222164A500ED9BA7 /* Debug */,
				CE203886222164A500ED9BA7 /* Release */,
			);
			defaultConfigurationIsVisible = 0;
			defaultConfigurationName = Release;
		};
/* End XCConfigurationList section */
	};
	rootObject = CE20384E222164A200ED9BA7 /* Project object */;
}
